
Microsoft Visual Studio Solution File, Format Version 12.00
# Visual Studio Version 17
VisualStudioVersion = 17.10.35013.160
MinimumVisualStudioVersion = 10.0.40219.1
Project("{FAE04EC0-301F-11D3-BF4B-00C04F79EFBC}") = "prova", "prova\prova.csproj", "{2B084B37-C926-4D52-9E95-BF2D95BEC214}"
EndProject
Project("{FAE04EC0-301F-11D3-BF4B-00C04F79EFBC}") = "entities", "entities\entities.csproj", "{33BEFD1C-1963-4ED8-80EA-D1DBB942D9B7}"
EndProject
Project("{FAE04EC0-301F-11D3-BF4B-00C04F79EFBC}") = "dal", "dal\dal.csproj", "{03B241B4-C8B3-43DF-9527-D2E19302B16A}"
EndProject
Global
	GlobalSection(SolutionConfigurationPlatforms) = preSolution
		Debug|Any CPU = Debug|Any CPU
		Release|Any CPU = Release|Any CPU
	EndGlobalSection
	GlobalSection(ProjectConfigurationPlatforms) = postSolution
		{2B084B37-C926-4D52-9E95-BF2D95BEC214}.Debug|Any CPU.ActiveCfg = Debug|Any CPU
		{2B084B37-C926-4D52-9E95-BF2D95BEC214}.Debug|Any CPU.Build.0 = Debug|Any CPU
		{2B084B37-C926-4D52-9E95-BF2D95BEC214}.Release|Any CPU.ActiveCfg = Release|Any CPU
		{2B084B37-C926-4D52-9E95-BF2D95BEC214}.Release|Any CPU.Build.0 = Release|Any CPU
		{33BEFD1C-1963-4ED8-80EA-D1DBB942D9B7}.Debug|Any CPU.ActiveCfg = Debug|Any CPU
		{33BEFD1C-1963-4ED8-80EA-D1DBB942D9B7}.Debug|Any CPU.Build.0 = Debug|Any CPU
		{33BEFD1C-1963-4ED8-80EA-D1DBB942D9B7}.Release|Any CPU.ActiveCfg = Release|Any CPU
		{33BEFD1C-1963-4ED8-80EA-D1DBB942D9B7}.Release|Any CPU.Build.0 = Release|Any CPU
		{03B241B4-C8B3-43DF-9527-D2E19302B16A}.Debug|Any CPU.ActiveCfg = Debug|Any CPU
		{03B241B4-C8B3-43DF-9527-D2E19302B16A}.Debug|Any CPU.Build.0 = Debug|Any CPU
		{03B241B4-C8B3-43DF-9527-D2E19302B16A}.Release|Any CPU.ActiveCfg = Release|Any CPU
		{03B241B4-C8B3-43DF-9527-D2E19302B16A}.Release|Any CPU.Build.0 = Release|Any CPU
	EndGlobalSection
	GlobalSection(SolutionProperties) = preSolution
		HideSolutionNode = FALSE
	EndGlobalSection
	GlobalSection(ExtensibilityGlobals) = postSolution
		SolutionGuid = {251F9E36-94D4-4493-A14A-86683547AD8B}
	EndGlobalSection
EndGlobal
